dependencies:
  espressif/led_strip:
    component_hash: 28c6509a727ef74925b372ed404772aeedf11cce10b78c3f69b3c66799095e2d
    dependencies:
    - name: idf
      require: private
      version: '>=4.4'
    source:
      registry_url: https://components.espressif.com/
      type: service
    version: 2.5.5
  idf:
    source:
      type: idf
    version: 5.5.0
direct_dependencies:
- espressif/led_strip
manifest_hash: 94193e7572204624b5a71c603de3a7d851f7f6ba0aae917a595931bdf0eeaf96
target: esp32
version: 2.0.0
